
Microsoft Visual Studio Solution File, Format Version 12.00
# Visual Studio 2012
Project("{FAE04EC0-301F-11D3-BF4B-00C04F79EFBC}") = "PBO", "PBO\PBO.csproj", "{3C35464D-CF08-4DBB-9FE8-83F9AB140767}"
EndProject
Project("{FAE04EC0-301F-11D3-BF4B-00C04F79EFBC}") = "PBOServer", "PBOServer\PBOServer.csproj", "{480C2C92-A2D7-4D44-96A6-030FFC3E6ACD}"
EndProject
Project("{FAE04EC0-301F-11D3-BF4B-00C04F79EFBC}") = "PokemonBattleOnline", "PokemonBattleOnline\PokemonBattleOnline.csproj", "{EE2C451E-A61E-4634-B382-5298982E060C}"
EndProject
Project("{FAE04EC0-301F-11D3-BF4B-00C04F79EFBC}") = "PBO.Network", "PBO.Network\PBO.Network.csproj", "{61056B34-A2A8-485B-8A36-DF633E47C7F2}"
EndProject
Project("{FAE04EC0-301F-11D3-BF4B-00C04F79EFBC}") = "PBO.Game", "PBO.Game\PBO.Game.csproj", "{5F1D7698-AD1E-462A-AEED-063BCB80DF89}"
EndProject
Project("{2150E333-8FDC-42A3-9474-1A3956D46DE8}") = "Solution Items", "Solution Items", "{F6EA4F9B-5305-4043-B103-764944ED7E3D}"
	ProjectSection(SolutionItems) = preProject
		..\res\Data\log\chinese.xml = ..\res\Data\log\chinese.xml
		..\res\string\en = ..\res\string\en
		..\res\string\jp = ..\res\string\jp
		..\res\Data\rom.zip = ..\res\Data\rom.zip
		..\res\string\zh = ..\res\string\zh
	EndProjectSection
EndProject
Project("{FAE04EC0-301F-11D3-BF4B-00C04F79EFBC}") = "PBO.Game.Test", "PBO.Game.Test\PBO.Game.Test.csproj", "{CA8FC057-3DD7-4F64-9965-AD4BA3FF5EE6}"
EndProject
Project("{FAE04EC0-301F-11D3-BF4B-00C04F79EFBC}") = "PBO.Game.DataEditor", "PBO.Data.Editor\PBO.Game.DataEditor.csproj", "{2B46BCA2-88AD-4ECD-A4BC-EC235396011E}"
EndProject
Project("{FAE04EC0-301F-11D3-BF4B-00C04F79EFBC}") = "PBO.Game.Host", "PBO.Game.Host\PBO.Game.Host.csproj", "{666D492B-2C1F-46DC-8B6C-F59D7F0C40D7}"
EndProject
Project("{2150E333-8FDC-42A3-9474-1A3956D46DE8}") = "Learnset", "Learnset", "{FB0AF92B-3BC9-471E-8DB9-1448635FDEA6}"
	ProjectSection(SolutionItems) = preProject
		..\doc\Learnset\Egg_DPPt.txt = ..\doc\Learnset\Egg_DPPt.txt
		..\doc\Learnset\Egg_G3.txt = ..\doc\Learnset\Egg_G3.txt
		..\doc\Learnset\Egg_G5.txt = ..\doc\Learnset\Egg_G5.txt
		..\doc\Learnset\Egg_HGSS.txt = ..\doc\Learnset\Egg_HGSS.txt
		..\doc\Learnset\Form exclusive.txt = ..\doc\Learnset\Form exclusive.txt
		..\doc\Learnset\index.txt = ..\doc\Learnset\index.txt
		..\doc\Learnset\Level_B2W2.txt = ..\doc\Learnset\Level_B2W2.txt
		..\doc\Learnset\Level_BW.txt = ..\doc\Learnset\Level_BW.txt
		..\doc\Learnset\Level_DP.txt = ..\doc\Learnset\Level_DP.txt
		..\doc\Learnset\Level_FRLG.txt = ..\doc\Learnset\Level_FRLG.txt
		..\doc\Learnset\Level_HGSS.txt = ..\doc\Learnset\Level_HGSS.txt
		..\doc\Learnset\Level_Pt.txt = ..\doc\Learnset\Level_Pt.txt
		..\doc\Learnset\Level_RSE.txt = ..\doc\Learnset\Level_RSE.txt
		..\doc\Learnset\TMHM_B2W2.txt = ..\doc\Learnset\TMHM_B2W2.txt
		..\doc\Learnset\TMHM_BW.txt = ..\doc\Learnset\TMHM_BW.txt
		..\doc\Learnset\TMHM_DPPt.txt = ..\doc\Learnset\TMHM_DPPt.txt
		..\doc\Learnset\TMHM_G3.txt = ..\doc\Learnset\TMHM_G3.txt
		..\doc\Learnset\TMHM_HGSS.txt = ..\doc\Learnset\TMHM_HGSS.txt
		..\doc\Learnset\Tutor_B2W2.txt = ..\doc\Learnset\Tutor_B2W2.txt
		..\doc\Learnset\Tutor_BW.txt = ..\doc\Learnset\Tutor_BW.txt
		..\doc\Learnset\Tutor_DP.txt = ..\doc\Learnset\Tutor_DP.txt
		..\doc\Learnset\Tutor_Em.txt = ..\doc\Learnset\Tutor_Em.txt
		..\doc\Learnset\Tutor_FRLG.txt = ..\doc\Learnset\Tutor_FRLG.txt
		..\doc\Learnset\Tutor_HGSS.txt = ..\doc\Learnset\Tutor_HGSS.txt
		..\doc\Learnset\Tutor_Pt.txt = ..\doc\Learnset\Tutor_Pt.txt
		..\doc\Learnset\Tutor_XD.txt = ..\doc\Learnset\Tutor_XD.txt
	EndProjectSection
EndProject
Project("{FAE04EC0-301F-11D3-BF4B-00C04F79EFBC}") = "PBO.Network.Server", "PBO.Network.Server\PBO.Network.Server.csproj", "{F46386CC-6DE1-41A0-89D2-B3511224714F}"
EndProject
Project("{FAE04EC0-301F-11D3-BF4B-00C04F79EFBC}") = "PBO.Network.Test", "PBO.Network.Test\PBO.Network.Test.csproj", "{82656BDD-4D7F-4B7A-83C9-8DB4591B7232}"
EndProject
Global
	GlobalSection(TeamFoundationVersionControl) = preSolution
		SccNumberOfProjects = 11
		SccEnterpriseProvider = {4CA58AB2-18FA-4F8D-95D4-32DDF27D184C}
		SccTeamFoundationServer = https://tfs.codeplex.com/tfs/tfs30
		SccLocalPath0 = .
		SccProjectUniqueName1 = PBO\\PBO.csproj
		SccProjectName1 = PBO
		SccLocalPath1 = PBO
		SccProjectUniqueName2 = PBOServer\\PBOServer.csproj
		SccProjectName2 = PBOServer
		SccLocalPath2 = PBOServer
		SccProjectUniqueName3 = PBO.Game.Test\\PBO.Game.Test.csproj
		SccProjectName3 = PBO.Game.Test
		SccLocalPath3 = PBO.Game.Test
		SccProjectUniqueName4 = PBO.Network\\PBO.Network.csproj
		SccProjectName4 = PBO.Network
		SccLocalPath4 = PBO.Network
		SccProjectUniqueName5 = PBO.Game\\PBO.Game.csproj
		SccProjectName5 = PBO.Game
		SccLocalPath5 = PBO.Game
		SccProjectUniqueName6 = PBO.Game.Host\\PBO.Game.Host.csproj
		SccProjectName6 = PBO.Game.Host
		SccLocalPath6 = PBO.Game.Host
		SccProjectUniqueName7 = PokemonBattleOnline\\PokemonBattleOnline.csproj
		SccProjectName7 = PokemonBattleOnline
		SccLocalPath7 = PokemonBattleOnline
		SccProjectUniqueName8 = PBO.Network.Server\\PBO.Network.Server.csproj
		SccProjectName8 = PBO.Network.Server
		SccLocalPath8 = PBO.Network.Server
		SccProjectUniqueName9 = PBO.Network.Test\\PBO.Network.Test.csproj
		SccProjectName9 = PBO.Network.Test
		SccLocalPath9 = PBO.Network.Test
		SccProjectUniqueName10 = PBO.Data.Editor\\PBO.Game.DataEditor.csproj
		SccProjectName10 = PBO.Data.Editor
		SccLocalPath10 = PBO.Data.Editor
	EndGlobalSection
	GlobalSection(SolutionConfigurationPlatforms) = preSolution
		Debug|Any CPU = Debug|Any CPU
		EDITING|Any CPU = EDITING|Any CPU
		ETV|Any CPU = ETV|Any CPU
		Release|Any CPU = Release|Any CPU
	EndGlobalSection
	GlobalSection(ProjectConfigurationPlatforms) = postSolution
		{3C35464D-CF08-4DBB-9FE8-83F9AB140767}.Debug|Any CPU.ActiveCfg = Debug|Any CPU
		{3C35464D-CF08-4DBB-9FE8-83F9AB140767}.Debug|Any CPU.Build.0 = Debug|Any CPU
		{3C35464D-CF08-4DBB-9FE8-83F9AB140767}.EDITING|Any CPU.ActiveCfg = ETV|Any CPU
		{3C35464D-CF08-4DBB-9FE8-83F9AB140767}.ETV|Any CPU.ActiveCfg = ETV|Any CPU
		{3C35464D-CF08-4DBB-9FE8-83F9AB140767}.ETV|Any CPU.Build.0 = ETV|Any CPU
		{3C35464D-CF08-4DBB-9FE8-83F9AB140767}.Release|Any CPU.ActiveCfg = Release|Any CPU
		{3C35464D-CF08-4DBB-9FE8-83F9AB140767}.Release|Any CPU.Build.0 = Release|Any CPU
		{480C2C92-A2D7-4D44-96A6-030FFC3E6ACD}.Debug|Any CPU.ActiveCfg = Debug|Any CPU
		{480C2C92-A2D7-4D44-96A6-030FFC3E6ACD}.Debug|Any CPU.Build.0 = Debug|Any CPU
		{480C2C92-A2D7-4D44-96A6-030FFC3E6ACD}.EDITING|Any CPU.ActiveCfg = Release|Any CPU
		{480C2C92-A2D7-4D44-96A6-030FFC3E6ACD}.ETV|Any CPU.ActiveCfg = Release|Any CPU
		{480C2C92-A2D7-4D44-96A6-030FFC3E6ACD}.ETV|Any CPU.Build.0 = Release|Any CPU
		{480C2C92-A2D7-4D44-96A6-030FFC3E6ACD}.Release|Any CPU.ActiveCfg = Release|Any CPU
		{480C2C92-A2D7-4D44-96A6-030FFC3E6ACD}.Release|Any CPU.Build.0 = Release|Any CPU
		{EE2C451E-A61E-4634-B382-5298982E060C}.Debug|Any CPU.ActiveCfg = Debug|Any CPU
		{EE2C451E-A61E-4634-B382-5298982E060C}.Debug|Any CPU.Build.0 = Debug|Any CPU
		{EE2C451E-A61E-4634-B382-5298982E060C}.EDITING|Any CPU.ActiveCfg = EDITING|Any CPU
		{EE2C451E-A61E-4634-B382-5298982E060C}.EDITING|Any CPU.Build.0 = EDITING|Any CPU
		{EE2C451E-A61E-4634-B382-5298982E060C}.ETV|Any CPU.ActiveCfg = Release|Any CPU
		{EE2C451E-A61E-4634-B382-5298982E060C}.ETV|Any CPU.Build.0 = Release|Any CPU
		{EE2C451E-A61E-4634-B382-5298982E060C}.Release|Any CPU.ActiveCfg = Release|Any CPU
		{EE2C451E-A61E-4634-B382-5298982E060C}.Release|Any CPU.Build.0 = Release|Any CPU
		{61056B34-A2A8-485B-8A36-DF633E47C7F2}.Debug|Any CPU.ActiveCfg = Debug|Any CPU
		{61056B34-A2A8-485B-8A36-DF633E47C7F2}.Debug|Any CPU.Build.0 = Debug|Any CPU
		{61056B34-A2A8-485B-8A36-DF633E47C7F2}.EDITING|Any CPU.ActiveCfg = Release|Any CPU
		{61056B34-A2A8-485B-8A36-DF633E47C7F2}.ETV|Any CPU.ActiveCfg = Release|Any CPU
		{61056B34-A2A8-485B-8A36-DF633E47C7F2}.ETV|Any CPU.Build.0 = Release|Any CPU
		{61056B34-A2A8-485B-8A36-DF633E47C7F2}.Release|Any CPU.ActiveCfg = Release|Any CPU
		{61056B34-A2A8-485B-8A36-DF633E47C7F2}.Release|Any CPU.Build.0 = Release|Any CPU
		{5F1D7698-AD1E-462A-AEED-063BCB80DF89}.Debug|Any CPU.ActiveCfg = Debug|Any CPU
		{5F1D7698-AD1E-462A-AEED-063BCB80DF89}.Debug|Any CPU.Build.0 = Debug|Any CPU
		{5F1D7698-AD1E-462A-AEED-063BCB80DF89}.EDITING|Any CPU.ActiveCfg = ETV|Any CPU
		{5F1D7698-AD1E-462A-AEED-063BCB80DF89}.ETV|Any CPU.ActiveCfg = ETV|Any CPU
		{5F1D7698-AD1E-462A-AEED-063BCB80DF89}.ETV|Any CPU.Build.0 = ETV|Any CPU
		{5F1D7698-AD1E-462A-AEED-063BCB80DF89}.Release|Any CPU.ActiveCfg = Release|Any CPU
		{5F1D7698-AD1E-462A-AEED-063BCB80DF89}.Release|Any CPU.Build.0 = Release|Any CPU
		{CA8FC057-3DD7-4F64-9965-AD4BA3FF5EE6}.Debug|Any CPU.ActiveCfg = Debug|Any CPU
		{CA8FC057-3DD7-4F64-9965-AD4BA3FF5EE6}.Debug|Any CPU.Build.0 = Debug|Any CPU
		{CA8FC057-3DD7-4F64-9965-AD4BA3FF5EE6}.EDITING|Any CPU.ActiveCfg = ETV|Any CPU
		{CA8FC057-3DD7-4F64-9965-AD4BA3FF5EE6}.ETV|Any CPU.ActiveCfg = Release|Any CPU
		{CA8FC057-3DD7-4F64-9965-AD4BA3FF5EE6}.Release|Any CPU.ActiveCfg = Release|Any CPU
		{2B46BCA2-88AD-4ECD-A4BC-EC235396011E}.Debug|Any CPU.ActiveCfg = EDITING|Any CPU
		{2B46BCA2-88AD-4ECD-A4BC-EC235396011E}.EDITING|Any CPU.ActiveCfg = EDITING|Any CPU
		{2B46BCA2-88AD-4ECD-A4BC-EC235396011E}.EDITING|Any CPU.Build.0 = EDITING|Any CPU
		{2B46BCA2-88AD-4ECD-A4BC-EC235396011E}.ETV|Any CPU.ActiveCfg = EDITING|Any CPU
		{2B46BCA2-88AD-4ECD-A4BC-EC235396011E}.Release|Any CPU.ActiveCfg = EDITING|Any CPU
		{666D492B-2C1F-46DC-8B6C-F59D7F0C40D7}.Debug|Any CPU.ActiveCfg = Debug|Any CPU
		{666D492B-2C1F-46DC-8B6C-F59D7F0C40D7}.Debug|Any CPU.Build.0 = Debug|Any CPU
		{666D492B-2C1F-46DC-8B6C-F59D7F0C40D7}.EDITING|Any CPU.ActiveCfg = Release|Any CPU
		{666D492B-2C1F-46DC-8B6C-F59D7F0C40D7}.EDITING|Any CPU.Build.0 = Release|Any CPU
		{666D492B-2C1F-46DC-8B6C-F59D7F0C40D7}.ETV|Any CPU.ActiveCfg = Release|Any CPU
		{666D492B-2C1F-46DC-8B6C-F59D7F0C40D7}.ETV|Any CPU.Build.0 = Release|Any CPU
		{666D492B-2C1F-46DC-8B6C-F59D7F0C40D7}.Release|Any CPU.ActiveCfg = Release|Any CPU
		{666D492B-2C1F-46DC-8B6C-F59D7F0C40D7}.Release|Any CPU.Build.0 = Release|Any CPU
		{F46386CC-6DE1-41A0-89D2-B3511224714F}.Debug|Any CPU.ActiveCfg = Debug|Any CPU
		{F46386CC-6DE1-41A0-89D2-B3511224714F}.Debug|Any CPU.Build.0 = Debug|Any CPU
		{F46386CC-6DE1-41A0-89D2-B3511224714F}.EDITING|Any CPU.ActiveCfg = Release|Any CPU
		{F46386CC-6DE1-41A0-89D2-B3511224714F}.EDITING|Any CPU.Build.0 = Release|Any CPU
		{F46386CC-6DE1-41A0-89D2-B3511224714F}.ETV|Any CPU.ActiveCfg = Release|Any CPU
		{F46386CC-6DE1-41A0-89D2-B3511224714F}.ETV|Any CPU.Build.0 = Release|Any CPU
		{F46386CC-6DE1-41A0-89D2-B3511224714F}.Release|Any CPU.ActiveCfg = Release|Any CPU
		{F46386CC-6DE1-41A0-89D2-B3511224714F}.Release|Any CPU.Build.0 = Release|Any CPU
		{82656BDD-4D7F-4B7A-83C9-8DB4591B7232}.Debug|Any CPU.ActiveCfg = Debug|Any CPU
		{82656BDD-4D7F-4B7A-83C9-8DB4591B7232}.Debug|Any CPU.Build.0 = Debug|Any CPU
		{82656BDD-4D7F-4B7A-83C9-8DB4591B7232}.EDITING|Any CPU.ActiveCfg = Release|Any CPU
		{82656BDD-4D7F-4B7A-83C9-8DB4591B7232}.EDITING|Any CPU.Build.0 = Release|Any CPU
		{82656BDD-4D7F-4B7A-83C9-8DB4591B7232}.ETV|Any CPU.ActiveCfg = Release|Any CPU
		{82656BDD-4D7F-4B7A-83C9-8DB4591B7232}.ETV|Any CPU.Build.0 = Release|Any CPU
		{82656BDD-4D7F-4B7A-83C9-8DB4591B7232}.Release|Any CPU.ActiveCfg = Release|Any CPU
		{82656BDD-4D7F-4B7A-83C9-8DB4591B7232}.Release|Any CPU.Build.0 = Release|Any CPU
	EndGlobalSection
	GlobalSection(SolutionProperties) = preSolution
		HideSolutionNode = FALSE
	EndGlobalSection
	GlobalSection(NestedProjects) = preSolution
		{FB0AF92B-3BC9-471E-8DB9-1448635FDEA6} = {F6EA4F9B-5305-4043-B103-764944ED7E3D}
	EndGlobalSection
EndGlobal
