
Microsoft Visual Studio Solution File, Format Version 12.00
# Visual Studio 2012
Project("{FAE04EC0-301F-11D3-BF4B-00C04F79EFBC}") = "PBO", "PBO\PBO.csproj", "{3C35464D-CF08-4DBB-9FE8-83F9AB140767}"
EndProject
Project("{FAE04EC0-301F-11D3-BF4B-00C04F79EFBC}") = "PBOServer", "PBOServer\PBOServer.csproj", "{480C2C92-A2D7-4D44-96A6-030FFC3E6ACD}"
EndProject
Project("{FAE04EC0-301F-11D3-BF4B-00C04F79EFBC}") = "PBO.Battle", "PBO.Battle\PBO.Battle.csproj", "{95BB8D97-6B3B-419C-82BC-C2846C3A2DE4}"
EndProject
Project("{FAE04EC0-301F-11D3-BF4B-00C04F79EFBC}") = "PBO.Editor", "PBO.Editor\PBO.Editor.csproj", "{56AFF630-B134-4D70-9E77-DB87A598E805}"
EndProject
Project("{FAE04EC0-301F-11D3-BF4B-00C04F79EFBC}") = "PBO.Lobby", "PBO.Lobby\PBO.Lobby.csproj", "{4C482289-194B-4E55-AD2F-EF8C7843052D}"
EndProject
Project("{FAE04EC0-301F-11D3-BF4B-00C04F79EFBC}") = "PBO.UIElements", "PBO.UIElements\PBO.UIElements.csproj", "{82A9B9C3-6FAF-48F2-89B7-CBCF7F2DE191}"
EndProject
Project("{FAE04EC0-301F-11D3-BF4B-00C04F79EFBC}") = "PokemonBattleOnline", "PokemonBattleOnline\PokemonBattleOnline.csproj", "{EE2C451E-A61E-4634-B382-5298982E060C}"
EndProject
Project("{FAE04EC0-301F-11D3-BF4B-00C04F79EFBC}") = "PBO.Network", "PBO.Network\PBO.Network.csproj", "{61056B34-A2A8-485B-8A36-DF633E47C7F2}"
EndProject
Project("{FAE04EC0-301F-11D3-BF4B-00C04F79EFBC}") = "PBO.Game", "PBO.Game\PBO.Game.csproj", "{5F1D7698-AD1E-462A-AEED-063BCB80DF89}"
EndProject
Project("{2150E333-8FDC-42A3-9474-1A3956D46DE8}") = "Solution Items", "Solution Items", "{F6EA4F9B-5305-4043-B103-764944ED7E3D}"
	ProjectSection(SolutionItems) = preProject
		..\res\Data\log\chinese.xml = ..\res\Data\log\chinese.xml
		..\res\Data\string\en = ..\res\Data\string\en
		..\res\Data\string\jp = ..\res\Data\string\jp
		..\res\Data\rom.zip = ..\res\Data\rom.zip
		..\res\Data\string\zh = ..\res\Data\string\zh
	EndProjectSection
EndProject
Project("{FAE04EC0-301F-11D3-BF4B-00C04F79EFBC}") = "PBO.Game.Test", "PBO.Game.Test\PBO.Game.Test.csproj", "{CA8FC057-3DD7-4F64-9965-AD4BA3FF5EE6}"
EndProject
Project("{FAE04EC0-301F-11D3-BF4B-00C04F79EFBC}") = "PBO.DataEditor", "PBO.Data.Editor\PBO.DataEditor.csproj", "{2B46BCA2-88AD-4ECD-A4BC-EC235396011E}"
EndProject
Project("{FAE04EC0-301F-11D3-BF4B-00C04F79EFBC}") = "PBO.Game.Host", "PBO.Game.Host\PBO.Game.Host.csproj", "{666D492B-2C1F-46DC-8B6C-F59D7F0C40D7}"
EndProject
Project("{2150E333-8FDC-42A3-9474-1A3956D46DE8}") = "Learnset", "Learnset", "{FB0AF92B-3BC9-471E-8DB9-1448635FDEA6}"
	ProjectSection(SolutionItems) = preProject
		..\doc\Learnset\Egg_DPPt.txt = ..\doc\Learnset\Egg_DPPt.txt
		..\doc\Learnset\Egg_G3.txt = ..\doc\Learnset\Egg_G3.txt
		..\doc\Learnset\Egg_G5.txt = ..\doc\Learnset\Egg_G5.txt
		..\doc\Learnset\Egg_HGSS.txt = ..\doc\Learnset\Egg_HGSS.txt
		..\doc\Learnset\Form exclusive.txt = ..\doc\Learnset\Form exclusive.txt
		..\doc\Learnset\index.txt = ..\doc\Learnset\index.txt
		..\doc\Learnset\Level_B2W2.txt = ..\doc\Learnset\Level_B2W2.txt
		..\doc\Learnset\Level_BW.txt = ..\doc\Learnset\Level_BW.txt
		..\doc\Learnset\Level_DP.txt = ..\doc\Learnset\Level_DP.txt
		..\doc\Learnset\Level_FRLG.txt = ..\doc\Learnset\Level_FRLG.txt
		..\doc\Learnset\Level_HGSS.txt = ..\doc\Learnset\Level_HGSS.txt
		..\doc\Learnset\Level_Pt.txt = ..\doc\Learnset\Level_Pt.txt
		..\doc\Learnset\Level_RSE.txt = ..\doc\Learnset\Level_RSE.txt
		..\doc\Learnset\TMHM_B2W2.txt = ..\doc\Learnset\TMHM_B2W2.txt
		..\doc\Learnset\TMHM_BW.txt = ..\doc\Learnset\TMHM_BW.txt
		..\doc\Learnset\TMHM_DPPt.txt = ..\doc\Learnset\TMHM_DPPt.txt
		..\doc\Learnset\TMHM_G3.txt = ..\doc\Learnset\TMHM_G3.txt
		..\doc\Learnset\TMHM_HGSS.txt = ..\doc\Learnset\TMHM_HGSS.txt
		..\doc\Learnset\Tutor_B2W2.txt = ..\doc\Learnset\Tutor_B2W2.txt
		..\doc\Learnset\Tutor_BW.txt = ..\doc\Learnset\Tutor_BW.txt
		..\doc\Learnset\Tutor_DP.txt = ..\doc\Learnset\Tutor_DP.txt
		..\doc\Learnset\Tutor_Em.txt = ..\doc\Learnset\Tutor_Em.txt
		..\doc\Learnset\Tutor_FRLG.txt = ..\doc\Learnset\Tutor_FRLG.txt
		..\doc\Learnset\Tutor_HGSS.txt = ..\doc\Learnset\Tutor_HGSS.txt
		..\doc\Learnset\Tutor_Pt.txt = ..\doc\Learnset\Tutor_Pt.txt
		..\doc\Learnset\Tutor_XD.txt = ..\doc\Learnset\Tutor_XD.txt
	EndProjectSection
EndProject
Global
	GlobalSection(TeamFoundationVersionControl) = preSolution
		SccNumberOfProjects = 13
		SccEnterpriseProvider = {4CA58AB2-18FA-4F8D-95D4-32DDF27D184C}
		SccTeamFoundationServer = https://tfs.codeplex.com/tfs/tfs30
		SccLocalPath0 = .
		SccProjectUniqueName1 = PBO\\PBO.csproj
		SccProjectName1 = PBO
		SccLocalPath1 = PBO
		SccProjectUniqueName2 = PBO.Battle\\PBO.Battle.csproj
		SccProjectName2 = PBO.Battle
		SccLocalPath2 = PBO.Battle
		SccProjectUniqueName3 = PBO.Editor\\PBO.Editor.csproj
		SccProjectName3 = PBO.Editor
		SccLocalPath3 = PBO.Editor
		SccProjectUniqueName4 = PBO.Lobby\\PBO.Lobby.csproj
		SccProjectName4 = PBO.Lobby
		SccLocalPath4 = PBO.Lobby
		SccProjectUniqueName5 = PBO.UIElements\\PBO.UIElements.csproj
		SccProjectName5 = PBO.UIElements
		SccLocalPath5 = PBO.UIElements
		SccProjectUniqueName6 = PBOServer\\PBOServer.csproj
		SccProjectName6 = PBOServer
		SccLocalPath6 = PBOServer
		SccProjectUniqueName7 = PBO.Game.Test\\PBO.Game.Test.csproj
		SccProjectName7 = PBO.Game.Test
		SccLocalPath7 = PBO.Game.Test
		SccProjectUniqueName8 = PBO.Network\\PBO.Network.csproj
		SccProjectName8 = PBO.Network
		SccLocalPath8 = PBO.Network
		SccProjectUniqueName9 = PBO.Game\\PBO.Game.csproj
		SccProjectName9 = PBO.Game
		SccLocalPath9 = PBO.Game
		SccProjectUniqueName10 = PBO.Game.Host\\PBO.Game.Host.csproj
		SccProjectName10 = PBO.Game.Host
		SccLocalPath10 = PBO.Game.Host
		SccProjectUniqueName11 = PokemonBattleOnline\\PokemonBattleOnline.csproj
		SccProjectName11 = PokemonBattleOnline
		SccLocalPath11 = PokemonBattleOnline
		SccProjectUniqueName12 = PBO.Data.Editor\\PBO.DataEditor.csproj
		SccProjectName12 = PBO.Data.Editor
		SccLocalPath12 = PBO.Data.Editor
	EndGlobalSection
	GlobalSection(SolutionConfigurationPlatforms) = preSolution
		Debug|Any CPU = Debug|Any CPU
		EDITING|Any CPU = EDITING|Any CPU
		ETV|Any CPU = ETV|Any CPU
		Release|Any CPU = Release|Any CPU
	EndGlobalSection
	GlobalSection(ProjectConfigurationPlatforms) = postSolution
		{3C35464D-CF08-4DBB-9FE8-83F9AB140767}.Debug|Any CPU.ActiveCfg = Debug|Any CPU
		{3C35464D-CF08-4DBB-9FE8-83F9AB140767}.Debug|Any CPU.Build.0 = Debug|Any CPU
		{3C35464D-CF08-4DBB-9FE8-83F9AB140767}.EDITING|Any CPU.ActiveCfg = ETV|Any CPU
		{3C35464D-CF08-4DBB-9FE8-83F9AB140767}.ETV|Any CPU.ActiveCfg = ETV|Any CPU
		{3C35464D-CF08-4DBB-9FE8-83F9AB140767}.ETV|Any CPU.Build.0 = ETV|Any CPU
		{3C35464D-CF08-4DBB-9FE8-83F9AB140767}.Release|Any CPU.ActiveCfg = Release|Any CPU
		{3C35464D-CF08-4DBB-9FE8-83F9AB140767}.Release|Any CPU.Build.0 = Release|Any CPU
		{480C2C92-A2D7-4D44-96A6-030FFC3E6ACD}.Debug|Any CPU.ActiveCfg = Debug|Any CPU
		{480C2C92-A2D7-4D44-96A6-030FFC3E6ACD}.Debug|Any CPU.Build.0 = Debug|Any CPU
		{480C2C92-A2D7-4D44-96A6-030FFC3E6ACD}.EDITING|Any CPU.ActiveCfg = Release|Any CPU
		{480C2C92-A2D7-4D44-96A6-030FFC3E6ACD}.ETV|Any CPU.ActiveCfg = Release|Any CPU
		{480C2C92-A2D7-4D44-96A6-030FFC3E6ACD}.ETV|Any CPU.Build.0 = Release|Any CPU
		{480C2C92-A2D7-4D44-96A6-030FFC3E6ACD}.Release|Any CPU.ActiveCfg = Release|Any CPU
		{480C2C92-A2D7-4D44-96A6-030FFC3E6ACD}.Release|Any CPU.Build.0 = Release|Any CPU
		{95BB8D97-6B3B-419C-82BC-C2846C3A2DE4}.Debug|Any CPU.ActiveCfg = Debug|Any CPU
		{95BB8D97-6B3B-419C-82BC-C2846C3A2DE4}.Debug|Any CPU.Build.0 = Debug|Any CPU
		{95BB8D97-6B3B-419C-82BC-C2846C3A2DE4}.EDITING|Any CPU.ActiveCfg = ETV|Any CPU
		{95BB8D97-6B3B-419C-82BC-C2846C3A2DE4}.ETV|Any CPU.ActiveCfg = ETV|Any CPU
		{95BB8D97-6B3B-419C-82BC-C2846C3A2DE4}.ETV|Any CPU.Build.0 = ETV|Any CPU
		{95BB8D97-6B3B-419C-82BC-C2846C3A2DE4}.Release|Any CPU.ActiveCfg = Release|Any CPU
		{95BB8D97-6B3B-419C-82BC-C2846C3A2DE4}.Release|Any CPU.Build.0 = Release|Any CPU
		{56AFF630-B134-4D70-9E77-DB87A598E805}.Debug|Any CPU.ActiveCfg = Debug|Any CPU
		{56AFF630-B134-4D70-9E77-DB87A598E805}.Debug|Any CPU.Build.0 = Debug|Any CPU
		{56AFF630-B134-4D70-9E77-DB87A598E805}.EDITING|Any CPU.ActiveCfg = Release|Any CPU
		{56AFF630-B134-4D70-9E77-DB87A598E805}.ETV|Any CPU.ActiveCfg = Release|Any CPU
		{56AFF630-B134-4D70-9E77-DB87A598E805}.ETV|Any CPU.Build.0 = Release|Any CPU
		{56AFF630-B134-4D70-9E77-DB87A598E805}.Release|Any CPU.ActiveCfg = Release|Any CPU
		{56AFF630-B134-4D70-9E77-DB87A598E805}.Release|Any CPU.Build.0 = Release|Any CPU
		{4C482289-194B-4E55-AD2F-EF8C7843052D}.Debug|Any CPU.ActiveCfg = Debug|Any CPU
		{4C482289-194B-4E55-AD2F-EF8C7843052D}.Debug|Any CPU.Build.0 = Debug|Any CPU
		{4C482289-194B-4E55-AD2F-EF8C7843052D}.EDITING|Any CPU.ActiveCfg = Release|Any CPU
		{4C482289-194B-4E55-AD2F-EF8C7843052D}.ETV|Any CPU.ActiveCfg = Release|Any CPU
		{4C482289-194B-4E55-AD2F-EF8C7843052D}.ETV|Any CPU.Build.0 = Release|Any CPU
		{4C482289-194B-4E55-AD2F-EF8C7843052D}.Release|Any CPU.ActiveCfg = Release|Any CPU
		{4C482289-194B-4E55-AD2F-EF8C7843052D}.Release|Any CPU.Build.0 = Release|Any CPU
		{82A9B9C3-6FAF-48F2-89B7-CBCF7F2DE191}.Debug|Any CPU.ActiveCfg = Debug|Any CPU
		{82A9B9C3-6FAF-48F2-89B7-CBCF7F2DE191}.Debug|Any CPU.Build.0 = Debug|Any CPU
		{82A9B9C3-6FAF-48F2-89B7-CBCF7F2DE191}.EDITING|Any CPU.ActiveCfg = Release|Any CPU
		{82A9B9C3-6FAF-48F2-89B7-CBCF7F2DE191}.ETV|Any CPU.ActiveCfg = Release|Any CPU
		{82A9B9C3-6FAF-48F2-89B7-CBCF7F2DE191}.ETV|Any CPU.Build.0 = Release|Any CPU
		{82A9B9C3-6FAF-48F2-89B7-CBCF7F2DE191}.Release|Any CPU.ActiveCfg = Release|Any CPU
		{82A9B9C3-6FAF-48F2-89B7-CBCF7F2DE191}.Release|Any CPU.Build.0 = Release|Any CPU
		{EE2C451E-A61E-4634-B382-5298982E060C}.Debug|Any CPU.ActiveCfg = Debug|Any CPU
		{EE2C451E-A61E-4634-B382-5298982E060C}.Debug|Any CPU.Build.0 = Debug|Any CPU
		{EE2C451E-A61E-4634-B382-5298982E060C}.EDITING|Any CPU.ActiveCfg = EDITING|Any CPU
		{EE2C451E-A61E-4634-B382-5298982E060C}.EDITING|Any CPU.Build.0 = EDITING|Any CPU
		{EE2C451E-A61E-4634-B382-5298982E060C}.ETV|Any CPU.ActiveCfg = Release|Any CPU
		{EE2C451E-A61E-4634-B382-5298982E060C}.ETV|Any CPU.Build.0 = Release|Any CPU
		{EE2C451E-A61E-4634-B382-5298982E060C}.Release|Any CPU.ActiveCfg = Release|Any CPU
		{EE2C451E-A61E-4634-B382-5298982E060C}.Release|Any CPU.Build.0 = Release|Any CPU
		{61056B34-A2A8-485B-8A36-DF633E47C7F2}.Debug|Any CPU.ActiveCfg = Debug|Any CPU
		{61056B34-A2A8-485B-8A36-DF633E47C7F2}.Debug|Any CPU.Build.0 = Debug|Any CPU
		{61056B34-A2A8-485B-8A36-DF633E47C7F2}.EDITING|Any CPU.ActiveCfg = Release|Any CPU
		{61056B34-A2A8-485B-8A36-DF633E47C7F2}.ETV|Any CPU.ActiveCfg = Release|Any CPU
		{61056B34-A2A8-485B-8A36-DF633E47C7F2}.ETV|Any CPU.Build.0 = Release|Any CPU
		{61056B34-A2A8-485B-8A36-DF633E47C7F2}.Release|Any CPU.ActiveCfg = Release|Any CPU
		{61056B34-A2A8-485B-8A36-DF633E47C7F2}.Release|Any CPU.Build.0 = Release|Any CPU
		{5F1D7698-AD1E-462A-AEED-063BCB80DF89}.Debug|Any CPU.ActiveCfg = Debug|Any CPU
		{5F1D7698-AD1E-462A-AEED-063BCB80DF89}.Debug|Any CPU.Build.0 = Debug|Any CPU
		{5F1D7698-AD1E-462A-AEED-063BCB80DF89}.EDITING|Any CPU.ActiveCfg = ETV|Any CPU
		{5F1D7698-AD1E-462A-AEED-063BCB80DF89}.ETV|Any CPU.ActiveCfg = ETV|Any CPU
		{5F1D7698-AD1E-462A-AEED-063BCB80DF89}.ETV|Any CPU.Build.0 = ETV|Any CPU
		{5F1D7698-AD1E-462A-AEED-063BCB80DF89}.Release|Any CPU.ActiveCfg = Release|Any CPU
		{5F1D7698-AD1E-462A-AEED-063BCB80DF89}.Release|Any CPU.Build.0 = Release|Any CPU
		{CA8FC057-3DD7-4F64-9965-AD4BA3FF5EE6}.Debug|Any CPU.ActiveCfg = Debug|Any CPU
		{CA8FC057-3DD7-4F64-9965-AD4BA3FF5EE6}.Debug|Any CPU.Build.0 = Debug|Any CPU
		{CA8FC057-3DD7-4F64-9965-AD4BA3FF5EE6}.EDITING|Any CPU.ActiveCfg = ETV|Any CPU
		{CA8FC057-3DD7-4F64-9965-AD4BA3FF5EE6}.ETV|Any CPU.ActiveCfg = Release|Any CPU
		{CA8FC057-3DD7-4F64-9965-AD4BA3FF5EE6}.Release|Any CPU.ActiveCfg = Release|Any CPU
		{2B46BCA2-88AD-4ECD-A4BC-EC235396011E}.Debug|Any CPU.ActiveCfg = EDITING|Any CPU
		{2B46BCA2-88AD-4ECD-A4BC-EC235396011E}.EDITING|Any CPU.ActiveCfg = EDITING|Any CPU
		{2B46BCA2-88AD-4ECD-A4BC-EC235396011E}.EDITING|Any CPU.Build.0 = EDITING|Any CPU
		{2B46BCA2-88AD-4ECD-A4BC-EC235396011E}.ETV|Any CPU.ActiveCfg = EDITING|Any CPU
		{2B46BCA2-88AD-4ECD-A4BC-EC235396011E}.Release|Any CPU.ActiveCfg = EDITING|Any CPU
		{666D492B-2C1F-46DC-8B6C-F59D7F0C40D7}.Debug|Any CPU.ActiveCfg = Debug|Any CPU
		{666D492B-2C1F-46DC-8B6C-F59D7F0C40D7}.Debug|Any CPU.Build.0 = Debug|Any CPU
		{666D492B-2C1F-46DC-8B6C-F59D7F0C40D7}.EDITING|Any CPU.ActiveCfg = Release|Any CPU
		{666D492B-2C1F-46DC-8B6C-F59D7F0C40D7}.EDITING|Any CPU.Build.0 = Release|Any CPU
		{666D492B-2C1F-46DC-8B6C-F59D7F0C40D7}.ETV|Any CPU.ActiveCfg = Release|Any CPU
		{666D492B-2C1F-46DC-8B6C-F59D7F0C40D7}.ETV|Any CPU.Build.0 = Release|Any CPU
		{666D492B-2C1F-46DC-8B6C-F59D7F0C40D7}.Release|Any CPU.ActiveCfg = Release|Any CPU
		{666D492B-2C1F-46DC-8B6C-F59D7F0C40D7}.Release|Any CPU.Build.0 = Release|Any CPU
	EndGlobalSection
	GlobalSection(SolutionProperties) = preSolution
		HideSolutionNode = FALSE
	EndGlobalSection
	GlobalSection(NestedProjects) = preSolution
		{FB0AF92B-3BC9-471E-8DB9-1448635FDEA6} = {F6EA4F9B-5305-4043-B103-764944ED7E3D}
	EndGlobalSection
EndGlobal
