
Microsoft Visual Studio Solution File, Format Version 11.00
# Visual Studio 2010
Project("{2150E333-8FDC-42A3-9474-1A3956D46DE8}") = "Solution Items", "Solution Items", "{899DDD59-81E9-4E32-8893-BB0B4E63F76E}"
	ProjectSection(SolutionItems) = preProject
		BattleRoom.xml = BattleRoom.xml
		FourPlayer.xml = FourPlayer.xml
		PokemonBattle.xml = PokemonBattle.xml
		RoomList.xml = RoomList.xml
	EndProjectSection
EndProject
Project("{FAE04EC0-301F-11D3-BF4B-00C04F79EFBC}") = "RoomListServer", "RoomListServer\RoomListServer.csproj", "{E2B1826A-5D50-4EA9-9012-97263794C5E3}"
EndProject
Project("{FAE04EC0-301F-11D3-BF4B-00C04F79EFBC}") = "RoomListClient", "RoomListClient\RoomListClient.csproj", "{B6961215-4882-4747-B704-D299CEAE0CFC}"
EndProject
Project("{FAE04EC0-301F-11D3-BF4B-00C04F79EFBC}") = "Test", "Test\Test.csproj", "{C5F97D07-13B6-406B-BBD7-23EE45C2DF55}"
EndProject
Project("{FAE04EC0-301F-11D3-BF4B-00C04F79EFBC}") = "PokemonData", "PokemonData\PokemonData.csproj", "{B7467868-F267-4EE6-BDF1-8AC742FD7396}"
EndProject
Project("{FAE04EC0-301F-11D3-BF4B-00C04F79EFBC}") = "BattleNetwork", "BattleNetwork\BattleNetwork.csproj", "{92FA0D43-65BE-4EF8-9F71-D9AF415A8EFD}"
EndProject
Project("{F184B08F-C81C-45F6-A57F-5ABD9991F28F}") = "Pokemon", "Pokemon\Pokemon.vbproj", "{D9E6CCF9-1D86-423B-B8E4-B1B097CBC077}"
EndProject
Project("{FAE04EC0-301F-11D3-BF4B-00C04F79EFBC}") = "RoomServer", "RoomServer\RoomServer.csproj", "{EE7DD8BF-4B30-4D0F-9696-03417D61804E}"
EndProject
Project("{FAE04EC0-301F-11D3-BF4B-00C04F79EFBC}") = "RoomClient", "RoomClient\RoomClient.csproj", "{EA719B9E-6526-4D54-A9C0-E5804696FAC7}"
EndProject
Project("{FAE04EC0-301F-11D3-BF4B-00C04F79EFBC}") = "PokemonDataEditor", "PokemonDataEditor\PokemonDataEditor.csproj", "{26EC6DB4-0052-4BC4-9C7E-1846837CFBE0}"
EndProject
Global
	GlobalSection(SolutionConfigurationPlatforms) = preSolution
		Debug|Any CPU = Debug|Any CPU
		Debug|Mixed Platforms = Debug|Mixed Platforms
		Debug|x86 = Debug|x86
		Release|Any CPU = Release|Any CPU
		Release|Mixed Platforms = Release|Mixed Platforms
		Release|x86 = Release|x86
	EndGlobalSection
	GlobalSection(ProjectConfigurationPlatforms) = postSolution
		{E2B1826A-5D50-4EA9-9012-97263794C5E3}.Debug|Any CPU.ActiveCfg = Debug|Any CPU
		{E2B1826A-5D50-4EA9-9012-97263794C5E3}.Debug|Mixed Platforms.ActiveCfg = Debug|Any CPU
		{E2B1826A-5D50-4EA9-9012-97263794C5E3}.Debug|Mixed Platforms.Build.0 = Debug|Any CPU
		{E2B1826A-5D50-4EA9-9012-97263794C5E3}.Debug|x86.ActiveCfg = Debug|Any CPU
		{E2B1826A-5D50-4EA9-9012-97263794C5E3}.Release|Any CPU.ActiveCfg = Release|Any CPU
		{E2B1826A-5D50-4EA9-9012-97263794C5E3}.Release|Any CPU.Build.0 = Release|Any CPU
		{E2B1826A-5D50-4EA9-9012-97263794C5E3}.Release|Mixed Platforms.ActiveCfg = Release|Any CPU
		{E2B1826A-5D50-4EA9-9012-97263794C5E3}.Release|Mixed Platforms.Build.0 = Release|Any CPU
		{E2B1826A-5D50-4EA9-9012-97263794C5E3}.Release|x86.ActiveCfg = Release|Any CPU
		{B6961215-4882-4747-B704-D299CEAE0CFC}.Debug|Any CPU.ActiveCfg = Debug|Any CPU
		{B6961215-4882-4747-B704-D299CEAE0CFC}.Debug|Mixed Platforms.ActiveCfg = Debug|Any CPU
		{B6961215-4882-4747-B704-D299CEAE0CFC}.Debug|Mixed Platforms.Build.0 = Debug|Any CPU
		{B6961215-4882-4747-B704-D299CEAE0CFC}.Debug|x86.ActiveCfg = Debug|Any CPU
		{B6961215-4882-4747-B704-D299CEAE0CFC}.Release|Any CPU.ActiveCfg = Release|Any CPU
		{B6961215-4882-4747-B704-D299CEAE0CFC}.Release|Any CPU.Build.0 = Release|Any CPU
		{B6961215-4882-4747-B704-D299CEAE0CFC}.Release|Mixed Platforms.ActiveCfg = Release|Any CPU
		{B6961215-4882-4747-B704-D299CEAE0CFC}.Release|Mixed Platforms.Build.0 = Release|Any CPU
		{B6961215-4882-4747-B704-D299CEAE0CFC}.Release|x86.ActiveCfg = Release|Any CPU
		{C5F97D07-13B6-406B-BBD7-23EE45C2DF55}.Debug|Any CPU.ActiveCfg = Debug|Any CPU
		{C5F97D07-13B6-406B-BBD7-23EE45C2DF55}.Debug|Any CPU.Build.0 = Debug|Any CPU
		{C5F97D07-13B6-406B-BBD7-23EE45C2DF55}.Debug|Mixed Platforms.ActiveCfg = Debug|Any CPU
		{C5F97D07-13B6-406B-BBD7-23EE45C2DF55}.Debug|Mixed Platforms.Build.0 = Debug|Any CPU
		{C5F97D07-13B6-406B-BBD7-23EE45C2DF55}.Debug|x86.ActiveCfg = Debug|Any CPU
		{C5F97D07-13B6-406B-BBD7-23EE45C2DF55}.Release|Any CPU.ActiveCfg = Release|Any CPU
		{C5F97D07-13B6-406B-BBD7-23EE45C2DF55}.Release|Any CPU.Build.0 = Release|Any CPU
		{C5F97D07-13B6-406B-BBD7-23EE45C2DF55}.Release|Mixed Platforms.ActiveCfg = Release|Any CPU
		{C5F97D07-13B6-406B-BBD7-23EE45C2DF55}.Release|Mixed Platforms.Build.0 = Release|Any CPU
		{C5F97D07-13B6-406B-BBD7-23EE45C2DF55}.Release|x86.ActiveCfg = Release|Any CPU
		{B7467868-F267-4EE6-BDF1-8AC742FD7396}.Debug|Any CPU.ActiveCfg = Debug|Any CPU
		{B7467868-F267-4EE6-BDF1-8AC742FD7396}.Debug|Any CPU.Build.0 = Debug|Any CPU
		{B7467868-F267-4EE6-BDF1-8AC742FD7396}.Debug|Mixed Platforms.ActiveCfg = Debug|Any CPU
		{B7467868-F267-4EE6-BDF1-8AC742FD7396}.Debug|Mixed Platforms.Build.0 = Debug|Any CPU
		{B7467868-F267-4EE6-BDF1-8AC742FD7396}.Debug|x86.ActiveCfg = Debug|Any CPU
		{B7467868-F267-4EE6-BDF1-8AC742FD7396}.Release|Any CPU.ActiveCfg = Release|Any CPU
		{B7467868-F267-4EE6-BDF1-8AC742FD7396}.Release|Any CPU.Build.0 = Release|Any CPU
		{B7467868-F267-4EE6-BDF1-8AC742FD7396}.Release|Mixed Platforms.ActiveCfg = Release|Any CPU
		{B7467868-F267-4EE6-BDF1-8AC742FD7396}.Release|Mixed Platforms.Build.0 = Release|Any CPU
		{B7467868-F267-4EE6-BDF1-8AC742FD7396}.Release|x86.ActiveCfg = Release|Any CPU
		{92FA0D43-65BE-4EF8-9F71-D9AF415A8EFD}.Debug|Any CPU.ActiveCfg = Debug|Any CPU
		{92FA0D43-65BE-4EF8-9F71-D9AF415A8EFD}.Debug|Mixed Platforms.ActiveCfg = Debug|Any CPU
		{92FA0D43-65BE-4EF8-9F71-D9AF415A8EFD}.Debug|Mixed Platforms.Build.0 = Debug|Any CPU
		{92FA0D43-65BE-4EF8-9F71-D9AF415A8EFD}.Debug|x86.ActiveCfg = Debug|Any CPU
		{92FA0D43-65BE-4EF8-9F71-D9AF415A8EFD}.Release|Any CPU.ActiveCfg = Release|Any CPU
		{92FA0D43-65BE-4EF8-9F71-D9AF415A8EFD}.Release|Any CPU.Build.0 = Release|Any CPU
		{92FA0D43-65BE-4EF8-9F71-D9AF415A8EFD}.Release|Mixed Platforms.ActiveCfg = Release|Any CPU
		{92FA0D43-65BE-4EF8-9F71-D9AF415A8EFD}.Release|Mixed Platforms.Build.0 = Release|Any CPU
		{92FA0D43-65BE-4EF8-9F71-D9AF415A8EFD}.Release|x86.ActiveCfg = Release|Any CPU
		{D9E6CCF9-1D86-423B-B8E4-B1B097CBC077}.Debug|Any CPU.ActiveCfg = Debug|Any CPU
		{D9E6CCF9-1D86-423B-B8E4-B1B097CBC077}.Debug|Any CPU.Build.0 = Debug|Any CPU
		{D9E6CCF9-1D86-423B-B8E4-B1B097CBC077}.Debug|Mixed Platforms.ActiveCfg = Debug|Any CPU
		{D9E6CCF9-1D86-423B-B8E4-B1B097CBC077}.Debug|Mixed Platforms.Build.0 = Debug|Any CPU
		{D9E6CCF9-1D86-423B-B8E4-B1B097CBC077}.Debug|x86.ActiveCfg = Debug|Any CPU
		{D9E6CCF9-1D86-423B-B8E4-B1B097CBC077}.Release|Any CPU.ActiveCfg = Release|Any CPU
		{D9E6CCF9-1D86-423B-B8E4-B1B097CBC077}.Release|Any CPU.Build.0 = Release|Any CPU
		{D9E6CCF9-1D86-423B-B8E4-B1B097CBC077}.Release|Mixed Platforms.ActiveCfg = Release|Any CPU
		{D9E6CCF9-1D86-423B-B8E4-B1B097CBC077}.Release|Mixed Platforms.Build.0 = Release|Any CPU
		{D9E6CCF9-1D86-423B-B8E4-B1B097CBC077}.Release|x86.ActiveCfg = Release|Any CPU
		{EE7DD8BF-4B30-4D0F-9696-03417D61804E}.Debug|Any CPU.ActiveCfg = Debug|Any CPU
		{EE7DD8BF-4B30-4D0F-9696-03417D61804E}.Debug|Mixed Platforms.ActiveCfg = Debug|Any CPU
		{EE7DD8BF-4B30-4D0F-9696-03417D61804E}.Debug|Mixed Platforms.Build.0 = Debug|Any CPU
		{EE7DD8BF-4B30-4D0F-9696-03417D61804E}.Debug|x86.ActiveCfg = Debug|Any CPU
		{EE7DD8BF-4B30-4D0F-9696-03417D61804E}.Release|Any CPU.ActiveCfg = Release|Any CPU
		{EE7DD8BF-4B30-4D0F-9696-03417D61804E}.Release|Any CPU.Build.0 = Release|Any CPU
		{EE7DD8BF-4B30-4D0F-9696-03417D61804E}.Release|Mixed Platforms.ActiveCfg = Release|Any CPU
		{EE7DD8BF-4B30-4D0F-9696-03417D61804E}.Release|Mixed Platforms.Build.0 = Release|Any CPU
		{EE7DD8BF-4B30-4D0F-9696-03417D61804E}.Release|x86.ActiveCfg = Release|Any CPU
		{EA719B9E-6526-4D54-A9C0-E5804696FAC7}.Debug|Any CPU.ActiveCfg = Debug|Any CPU
		{EA719B9E-6526-4D54-A9C0-E5804696FAC7}.Debug|Mixed Platforms.ActiveCfg = Debug|Any CPU
		{EA719B9E-6526-4D54-A9C0-E5804696FAC7}.Debug|Mixed Platforms.Build.0 = Debug|Any CPU
		{EA719B9E-6526-4D54-A9C0-E5804696FAC7}.Debug|x86.ActiveCfg = Debug|Any CPU
		{EA719B9E-6526-4D54-A9C0-E5804696FAC7}.Release|Any CPU.ActiveCfg = Release|Any CPU
		{EA719B9E-6526-4D54-A9C0-E5804696FAC7}.Release|Any CPU.Build.0 = Release|Any CPU
		{EA719B9E-6526-4D54-A9C0-E5804696FAC7}.Release|Mixed Platforms.ActiveCfg = Release|Any CPU
		{EA719B9E-6526-4D54-A9C0-E5804696FAC7}.Release|Mixed Platforms.Build.0 = Release|Any CPU
		{EA719B9E-6526-4D54-A9C0-E5804696FAC7}.Release|x86.ActiveCfg = Release|Any CPU
		{26EC6DB4-0052-4BC4-9C7E-1846837CFBE0}.Debug|Any CPU.ActiveCfg = Debug|x86
		{26EC6DB4-0052-4BC4-9C7E-1846837CFBE0}.Debug|Mixed Platforms.ActiveCfg = Debug|x86
		{26EC6DB4-0052-4BC4-9C7E-1846837CFBE0}.Debug|Mixed Platforms.Build.0 = Debug|x86
		{26EC6DB4-0052-4BC4-9C7E-1846837CFBE0}.Debug|x86.ActiveCfg = Debug|x86
		{26EC6DB4-0052-4BC4-9C7E-1846837CFBE0}.Debug|x86.Build.0 = Debug|x86
		{26EC6DB4-0052-4BC4-9C7E-1846837CFBE0}.Release|Any CPU.ActiveCfg = Release|x86
		{26EC6DB4-0052-4BC4-9C7E-1846837CFBE0}.Release|Mixed Platforms.ActiveCfg = Release|x86
		{26EC6DB4-0052-4BC4-9C7E-1846837CFBE0}.Release|Mixed Platforms.Build.0 = Release|x86
		{26EC6DB4-0052-4BC4-9C7E-1846837CFBE0}.Release|x86.ActiveCfg = Release|x86
		{26EC6DB4-0052-4BC4-9C7E-1846837CFBE0}.Release|x86.Build.0 = Release|x86
	EndGlobalSection
	GlobalSection(SolutionProperties) = preSolution
		HideSolutionNode = FALSE
	EndGlobalSection
EndGlobal
